# THIS IS AN AUTOGENERATED FILE. DO NOT EDIT THIS FILE DIRECTLY.
# yarn lockfile v1


"@reactflow/background@11.2.8":
  version "11.2.8"
  resolved "https://registry.yarnpkg.com/@reactflow/background/-/background-11.2.8.tgz#aa83f87b7d65442b52732f0a04d9da981f978265"
  integrity sha512-5o41N2LygiNC2/Pk8Ak2rIJjXbKHfQ23/Y9LFsnAlufqwdzFqKA8txExpsMoPVHHlbAdA/xpQaMuoChGPqmyDw==
  dependencies:
    "@reactflow/core" "11.8.3"
    classcat "^5.0.3"
    zustand "^4.4.1"

"@reactflow/controls@11.1.19":
  version "11.1.19"
  resolved "https://registry.yarnpkg.com/@reactflow/controls/-/controls-11.1.19.tgz#a8bc4b4eafc10d5d230db5286753e867bcf35e5b"
  integrity sha512-Vo0LFfAYjiSRMLEII/aeBo+1MT2a0Yc7iLVnkuRTLzChC0EX+A2Fa+JlzeOEYKxXlN4qcDxckRNGR7092v1HOQ==
  dependencies:
    "@reactflow/core" "11.8.3"
    classcat "^5.0.3"
    zustand "^4.4.1"

"@reactflow/core@11.8.3":
  version "11.8.3"
  resolved "https://registry.yarnpkg.com/@reactflow/core/-/core-11.8.3.tgz#03ffeb06fbc141b8f786cb4ac8169f8a51a5f00e"
  integrity sha512-y6DN8Wy4V4KQBGHFqlj9zWRjLJU6CgdnVwWaEA/PdDg/YUkFBMpZnXqTs60czinoA2rAcvsz50syLTPsj5e+Wg==
  dependencies:
    "@types/d3" "^7.4.0"
    "@types/d3-drag" "^3.0.1"
    "@types/d3-selection" "^3.0.3"
    "@types/d3-zoom" "^3.0.1"
    classcat "^5.0.3"
    d3-drag "^3.0.0"
    d3-selection "^3.0.0"
    d3-zoom "^3.0.0"
    zustand "^4.4.1"

"@reactflow/minimap@11.6.3":
  version "11.6.3"
  resolved "https://registry.yarnpkg.com/@reactflow/minimap/-/minimap-11.6.3.tgz#1cfddd87e9afd23ad704167988c66bd683ffc5d2"
  integrity sha512-PSA28dk09RnBHOA1zb45fjQXz3UozSJZmsIpgq49O3trfVFlSgRapxNdGsughWLs7/emg2M5jmi6Vc+ejcfjvQ==
  dependencies:
    "@reactflow/core" "11.8.3"
    "@types/d3-selection" "^3.0.3"
    "@types/d3-zoom" "^3.0.1"
    classcat "^5.0.3"
    d3-selection "^3.0.0"
    d3-zoom "^3.0.0"
    zustand "^4.4.1"

"@reactflow/node-resizer@2.1.5":
  version "2.1.5"
  resolved "https://registry.yarnpkg.com/@reactflow/node-resizer/-/node-resizer-2.1.5.tgz#f4033946ccc9cc8f47a94ed93f10a32befd546f1"
  integrity sha512-z/hJlsptd2vTx13wKouqvN/Kln08qbkA+YTJLohc2aJ6rx3oGn9yX4E4IqNxhA7zNqYEdrnc1JTEA//ifh9z3w==
  dependencies:
    "@reactflow/core" "11.8.3"
    classcat "^5.0.4"
    d3-drag "^3.0.0"
    d3-selection "^3.0.0"
    zustand "^4.4.1"

"@reactflow/node-toolbar@1.2.7":
  version "1.2.7"
  resolved "https://registry.yarnpkg.com/@reactflow/node-toolbar/-/node-toolbar-1.2.7.tgz#cf6639945dc42b42416f293d6132e1187bca3424"
  integrity sha512-vs+Wg1tjy3SuD7eoeTqEtscBfE9RY+APqC28urVvftkrtsN7KlnoQjqDG6aE45jWP4z+8bvFizRWjAhxysNLkg==
  dependencies:
    "@reactflow/core" "11.8.3"
    classcat "^5.0.3"
    zustand "^4.4.1"

"@types/d3-array@*":
  version "3.0.7"
  resolved "https://registry.yarnpkg.com/@types/d3-array/-/d3-array-3.0.7.tgz#b128a0c0b0d9481d3281df47de0955730db384a1"
  integrity sha512-4/Q0FckQ8TBjsB0VdGFemJOG8BLXUB2KKlL0VmZ+eOYeOnTb/wDRQqYWpBmQ6IlvWkXwkYiot+n9Px2aTJ7zGQ==

"@types/d3-axis@*":
  version "3.0.3"
  resolved "https://registry.yarnpkg.com/@types/d3-axis/-/d3-axis-3.0.3.tgz#e9ca5d1dd7b1da4023ab0f9e921c3f6e86b8c06d"
  integrity sha512-SE3x/pLO/+GIHH17mvs1uUVPkZ3bHquGzvZpPAh4yadRy71J93MJBpgK/xY8l9gT28yTN1g9v3HfGSFeBMmwZw==
  dependencies:
    "@types/d3-selection" "*"

"@types/d3-brush@*":
  version "3.0.3"
  resolved "https://registry.yarnpkg.com/@types/d3-brush/-/d3-brush-3.0.3.tgz#c5de3fd8efad6d85507fa74992540060aba38c25"
  integrity sha512-MQ1/M/B5ifTScHSe5koNkhxn2mhUPqXjGuKjjVYckplAPjP9t2I2sZafb/YVHDwhoXWZoSav+Q726eIbN3qprA==
  dependencies:
    "@types/d3-selection" "*"

"@types/d3-chord@*":
  version "3.0.3"
  resolved "https://registry.yarnpkg.com/@types/d3-chord/-/d3-chord-3.0.3.tgz#cd1dc38ac7cb390fe06abc09d30ddf0cd2ff350a"
  integrity sha512-keuSRwO02c7PBV3JMWuctIfdeJrVFI7RpzouehvBWL4/GGUB3PBNg/9ZKPZAgJphzmS2v2+7vr7BGDQw1CAulw==

"@types/d3-color@*":
  version "3.1.0"
  resolved "https://registry.yarnpkg.com/@types/d3-color/-/d3-color-3.1.0.tgz#6594da178ded6c7c3842f3cc0ac84b156f12f2d4"
  integrity sha512-HKuicPHJuvPgCD+np6Se9MQvS6OCbJmOjGvylzMJRlDwUXjKTTXs6Pwgk79O09Vj/ho3u1ofXnhFOaEWWPrlwA==

"@types/d3-contour@*":
  version "3.0.3"
  resolved "https://registry.yarnpkg.com/@types/d3-contour/-/d3-contour-3.0.3.tgz#16255aeb85557488bdf84c0a7988c428c0d2939b"
  integrity sha512-x7G/tdDZt4m09XZnG2SutbIuQqmkNYqR9uhDMdPlpJbcwepkEjEWG29euFcgVA1k6cn92CHdDL9Z+fOnxnbVQw==
  dependencies:
    "@types/d3-array" "*"
    "@types/geojson" "*"

"@types/d3-delaunay@*":
  version "6.0.1"
  resolved "https://registry.yarnpkg.com/@types/d3-delaunay/-/d3-delaunay-6.0.1.tgz#006b7bd838baec1511270cb900bf4fc377bbbf41"
  integrity sha512-tLxQ2sfT0p6sxdG75c6f/ekqxjyYR0+LwPrsO1mbC9YDBzPJhs2HbJJRrn8Ez1DBoHRo2yx7YEATI+8V1nGMnQ==

"@types/d3-dispatch@*":
  version "3.0.3"
  resolved "https://registry.yarnpkg.com/@types/d3-dispatch/-/d3-dispatch-3.0.3.tgz#5f6a4e9bbf90e8f775083154c3d7205cfb804762"
  integrity sha512-Df7KW3Re7G6cIpIhQtqHin8yUxUHYAqiE41ffopbmU5+FifYUNV7RVyTg8rQdkEagg83m14QtS8InvNb95Zqug==

"@types/d3-drag@*", "@types/d3-drag@^3.0.1":
  version "3.0.3"
  resolved "https://registry.yarnpkg.com/@types/d3-drag/-/d3-drag-3.0.3.tgz#829a58420d8818be65a005795068964ff80a387b"
  integrity sha512-82AuQMpBQjuXeIX4tjCYfWjpm3g7aGCfx6dFlxX2JlRaiME/QWcHzBsINl7gbHCODA2anPYlL31/Trj/UnjK9A==
  dependencies:
    "@types/d3-selection" "*"

"@types/d3-dsv@*":
  version "3.0.2"
  resolved "https://registry.yarnpkg.com/@types/d3-dsv/-/d3-dsv-3.0.2.tgz#0504c17388714e28a601dcaaf400147271ea14c2"
  integrity sha512-DooW5AOkj4AGmseVvbwHvwM/Ltu0Ks0WrhG6r5FG9riHT5oUUTHz6xHsHqJSVU8ZmPkOqlUEY2obS5C9oCIi2g==

"@types/d3-ease@*":
  version "3.0.0"
  resolved "https://registry.yarnpkg.com/@types/d3-ease/-/d3-ease-3.0.0.tgz#c29926f8b596f9dadaeca062a32a45365681eae0"
  integrity sha512-aMo4eaAOijJjA6uU+GIeW018dvy9+oH5Y2VPPzjjfxevvGQ/oRDs+tfYC9b50Q4BygRR8yE2QCLsrT0WtAVseA==

"@types/d3-fetch@*":
  version "3.0.3"
  resolved "https://registry.yarnpkg.com/@types/d3-fetch/-/d3-fetch-3.0.3.tgz#ae55cc49bd71b448182deff0cc4b448eff1f9b33"
  integrity sha512-/EsDKRiQkby3Z/8/AiZq8bsuLDo/tYHnNIZkUpSeEHWV7fHUl6QFBjvMPbhkKGk9jZutzfOkGygCV7eR/MkcXA==
  dependencies:
    "@types/d3-dsv" "*"

"@types/d3-force@*":
  version "3.0.5"
  resolved "https://registry.yarnpkg.com/@types/d3-force/-/d3-force-3.0.5.tgz#835bbe01e084195175ddf71b7900bd44a9a23e8e"
  integrity sha512-EGG+IWx93ESSXBwfh/5uPuR9Hp8M6o6qEGU7bBQslxCvrdUBQZha/EFpu/VMdLU4B0y4Oe4h175nSm7p9uqFug==

"@types/d3-format@*":
  version "3.0.1"
  resolved "https://registry.yarnpkg.com/@types/d3-format/-/d3-format-3.0.1.tgz#194f1317a499edd7e58766f96735bdc0216bb89d"
  integrity sha512-5KY70ifCCzorkLuIkDe0Z9YTf9RR2CjBX1iaJG+rgM/cPP+sO+q9YdQ9WdhQcgPj1EQiJ2/0+yUkkziTG6Lubg==

"@types/d3-geo@*":
  version "3.0.4"
  resolved "https://registry.yarnpkg.com/@types/d3-geo/-/d3-geo-3.0.4.tgz#fa38f02256c3023ea3b88cb011cff1426eb7ff52"
  integrity sha512-kmUK8rVVIBPKJ1/v36bk2aSgwRj2N/ZkjDT+FkMT5pgedZoPlyhaG62J+9EgNIgUXE6IIL0b7bkLxCzhE6U4VQ==
  dependencies:
    "@types/geojson" "*"

"@types/d3-hierarchy@*":
  version "3.1.3"
  resolved "https://registry.yarnpkg.com/@types/d3-hierarchy/-/d3-hierarchy-3.1.3.tgz#9e935540e2494f3402938bf53811ed74ca3c36ba"
  integrity sha512-GpSK308Xj+HeLvogfEc7QsCOcIxkDwLhFYnOoohosEzOqv7/agxwvJER1v/kTC+CY1nfazR0F7gnHo7GE41/fw==

"@types/d3-interpolate@*":
  version "3.0.1"
  resolved "https://registry.yarnpkg.com/@types/d3-interpolate/-/d3-interpolate-3.0.1.tgz#e7d17fa4a5830ad56fe22ce3b4fac8541a9572dc"
  integrity sha512-jx5leotSeac3jr0RePOH1KdR9rISG91QIE4Q2PYTu4OymLTZfA3SrnURSLzKH48HmXVUru50b8nje4E79oQSQw==
  dependencies:
    "@types/d3-color" "*"

"@types/d3-path@*":
  version "3.0.0"
  resolved "https://registry.yarnpkg.com/@types/d3-path/-/d3-path-3.0.0.tgz#939e3a784ae4f80b1fde8098b91af1776ff1312b"
  integrity sha512-0g/A+mZXgFkQxN3HniRDbXMN79K3CdTpLsevj+PXiTcb2hVyvkZUBg37StmgCQkaD84cUJ4uaDAWq7UJOQy2Tg==

"@types/d3-polygon@*":
  version "3.0.0"
  resolved "https://registry.yarnpkg.com/@types/d3-polygon/-/d3-polygon-3.0.0.tgz#5200a3fa793d7736fa104285fa19b0dbc2424b93"
  integrity sha512-D49z4DyzTKXM0sGKVqiTDTYr+DHg/uxsiWDAkNrwXYuiZVd9o9wXZIo+YsHkifOiyBkmSWlEngHCQme54/hnHw==

"@types/d3-quadtree@*":
  version "3.0.2"
  resolved "https://registry.yarnpkg.com/@types/d3-quadtree/-/d3-quadtree-3.0.2.tgz#433112a178eb7df123aab2ce11c67f51cafe8ff5"
  integrity sha512-QNcK8Jguvc8lU+4OfeNx+qnVy7c0VrDJ+CCVFS9srBo2GL9Y18CnIxBdTF3v38flrGy5s1YggcoAiu6s4fLQIw==

"@types/d3-random@*":
  version "3.0.1"
  resolved "https://registry.yarnpkg.com/@types/d3-random/-/d3-random-3.0.1.tgz#5c8d42b36cd4c80b92e5626a252f994ca6bfc953"
  integrity sha512-IIE6YTekGczpLYo/HehAy3JGF1ty7+usI97LqraNa8IiDur+L44d0VOjAvFQWJVdZOJHukUJw+ZdZBlgeUsHOQ==

"@types/d3-scale-chromatic@*":
  version "3.0.0"
  resolved "https://registry.yarnpkg.com/@types/d3-scale-chromatic/-/d3-scale-chromatic-3.0.0.tgz#103124777e8cdec85b20b51fd3397c682ee1e954"
  integrity sha512-dsoJGEIShosKVRBZB0Vo3C8nqSDqVGujJU6tPznsBJxNJNwMF8utmS83nvCBKQYPpjCzaaHcrf66iTRpZosLPw==

"@types/d3-scale@*":
  version "4.0.4"
  resolved "https://registry.yarnpkg.com/@types/d3-scale/-/d3-scale-4.0.4.tgz#3c5e2263eea5a3670cd91043b9f4d150a94c43f1"
  integrity sha512-eq1ZeTj0yr72L8MQk6N6heP603ubnywSDRfNpi5enouR112HzGLS6RIvExCzZTraFF4HdzNpJMwA/zGiMoHUUw==
  dependencies:
    "@types/d3-time" "*"

"@types/d3-selection@*", "@types/d3-selection@^3.0.3":
  version "3.0.6"
  resolved "https://registry.yarnpkg.com/@types/d3-selection/-/d3-selection-3.0.6.tgz#c35b5320188e921d10f77f50198705a14b8aecf6"
  integrity sha512-2ACr96USZVjXR9KMD9IWi1Epo4rSDKnUtYn6q2SPhYxykvXTw9vR77lkFNruXVg4i1tzQtBxeDMx0oNvJWbF1w==

"@types/d3-shape@*":
  version "3.1.2"
  resolved "https://registry.yarnpkg.com/@types/d3-shape/-/d3-shape-3.1.2.tgz#a3d421d8b0bc0c6c67cb3f4b4471ddc133cb0117"
  integrity sha512-NN4CXr3qeOUNyK5WasVUV8NCSAx/CRVcwcb0BuuS1PiTqwIm6ABi1SyasLZ/vsVCFDArF+W4QiGzSry1eKYQ7w==
  dependencies:
    "@types/d3-path" "*"

"@types/d3-time-format@*":
  version "4.0.0"
  resolved "https://registry.yarnpkg.com/@types/d3-time-format/-/d3-time-format-4.0.0.tgz#ee7b6e798f8deb2d9640675f8811d0253aaa1946"
  integrity sha512-yjfBUe6DJBsDin2BMIulhSHmr5qNR5Pxs17+oW4DoVPyVIXZ+m6bs7j1UVKP08Emv6jRmYrYqxYzO63mQxy1rw==

"@types/d3-time@*":
  version "3.0.0"
  resolved "https://registry.yarnpkg.com/@types/d3-time/-/d3-time-3.0.0.tgz#e1ac0f3e9e195135361fa1a1d62f795d87e6e819"
  integrity sha512-sZLCdHvBUcNby1cB6Fd3ZBrABbjz3v1Vm90nysCQ6Vt7vd6e/h9Lt7SiJUoEX0l4Dzc7P5llKyhqSi1ycSf1Hg==

"@types/d3-timer@*":
  version "3.0.0"
  resolved "https://registry.yarnpkg.com/@types/d3-timer/-/d3-timer-3.0.0.tgz#e2505f1c21ec08bda8915238e397fb71d2fc54ce"
  integrity sha512-HNB/9GHqu7Fo8AQiugyJbv6ZxYz58wef0esl4Mv828w1ZKpAshw/uFWVDUcIB9KKFeFKoxS3cHY07FFgtTRZ1g==

"@types/d3-transition@*":
  version "3.0.4"
  resolved "https://registry.yarnpkg.com/@types/d3-transition/-/d3-transition-3.0.4.tgz#1515cd38bdc6d84103d7b6ccb25acdb72b5dd095"
  integrity sha512-512a4uCOjUzsebydItSXsHrPeQblCVk8IKjqCUmrlvBWkkVh3donTTxmURDo1YPwIVDh5YVwCAO6gR4sgimCPQ==
  dependencies:
    "@types/d3-selection" "*"

"@types/d3-zoom@*", "@types/d3-zoom@^3.0.1":
  version "3.0.4"
  resolved "https://registry.yarnpkg.com/@types/d3-zoom/-/d3-zoom-3.0.4.tgz#1c754cf9f3ac96c59e6d9372c4d49f09e3e6fce3"
  integrity sha512-cqkuY1ah9ZQre2POqjSLcM8g40UVya/qwEUrNYP2/rCVljbmqKCVcv+ebvwhlI5azIbSEL7m+os6n+WlYA43aA==
  dependencies:
    "@types/d3-interpolate" "*"
    "@types/d3-selection" "*"

"@types/d3@^7.4.0":
  version "7.4.0"
  resolved "https://registry.yarnpkg.com/@types/d3/-/d3-7.4.0.tgz#fc5cac5b1756fc592a3cf1f3dc881bf08225f515"
  integrity sha512-jIfNVK0ZlxcuRDKtRS/SypEyOQ6UHaFQBKv032X45VvxSJ6Yi5G9behy9h6tNTHTDGh5Vq+KbmBjUWLgY4meCA==
  dependencies:
    "@types/d3-array" "*"
    "@types/d3-axis" "*"
    "@types/d3-brush" "*"
    "@types/d3-chord" "*"
    "@types/d3-color" "*"
    "@types/d3-contour" "*"
    "@types/d3-delaunay" "*"
    "@types/d3-dispatch" "*"
    "@types/d3-drag" "*"
    "@types/d3-dsv" "*"
    "@types/d3-ease" "*"
    "@types/d3-fetch" "*"
    "@types/d3-force" "*"
    "@types/d3-format" "*"
    "@types/d3-geo" "*"
    "@types/d3-hierarchy" "*"
    "@types/d3-interpolate" "*"
    "@types/d3-path" "*"
    "@types/d3-polygon" "*"
    "@types/d3-quadtree" "*"
    "@types/d3-random" "*"
    "@types/d3-scale" "*"
    "@types/d3-scale-chromatic" "*"
    "@types/d3-selection" "*"
    "@types/d3-shape" "*"
    "@types/d3-time" "*"
    "@types/d3-time-format" "*"
    "@types/d3-timer" "*"
    "@types/d3-transition" "*"
    "@types/d3-zoom" "*"

"@types/geojson@*":
  version "7946.0.10"
  resolved "https://registry.yarnpkg.com/@types/geojson/-/geojson-7946.0.10.tgz#6dfbf5ea17142f7f9a043809f1cd4c448cb68249"
  integrity sha512-Nmh0K3iWQJzniTuPRcJn5hxXkfB1T1pgB89SBig5PlJQU5yocazeu4jATJlaA0GYFKWMqDdvYemoSnF2pXgLVA==

buffer-from@^1.0.0:
  version "1.1.2"
  resolved "https://registry.npmjs.org/buffer-from/-/buffer-from-1.1.2.tgz"
  integrity sha512-E+XQCRwSbaaiChtv6k6Dwgc+bx+Bs6vuKJHHl5kox/BaKbhiXzqQOwK4cO22yElGp2OCmjwVhT3HmxgyPGnJfQ==

classcat@^5.0.3, classcat@^5.0.4:
  version "5.0.4"
  resolved "https://registry.yarnpkg.com/classcat/-/classcat-5.0.4.tgz#e12d1dfe6df6427f260f03b80dc63571a5107ba6"
  integrity sha512-sbpkOw6z413p+HDGcBENe498WM9woqWHiJxCq7nvmxe9WmrUmqfAcxpIwAiMtM5Q3AhYkzXcNQHqsWq0mND51g==

concat-stream@^1.4.7:
  version "1.6.2"
  resolved "https://registry.npmjs.org/concat-stream/-/concat-stream-1.6.2.tgz"
  integrity sha512-27HBghJxjiZtIk3Ycvn/4kbJk/1uZuJFfuPEns6LaEvpvG1f0hTea8lilrouyo9mVc2GWdcEZ8OLoGmSADlrCw==
  dependencies:
    buffer-from "^1.0.0"
    inherits "^2.0.3"
    readable-stream "^2.2.2"
    typedarray "^0.0.6"

core-util-is@~1.0.0:
  version "1.0.3"
  resolved "https://registry.npmjs.org/core-util-is/-/core-util-is-1.0.3.tgz"
  integrity sha512-ZQBvi1DcpJ4GDqanjucZ2Hj3wEO5pZDS89BWbkcrvdxksJorwUDDZamX9ldFkp9aw2lmBDLgkObEA4DWNJ9FYQ==

cross-spawn@^5.0.1:
  version "5.1.0"
  resolved "https://registry.npmjs.org/cross-spawn/-/cross-spawn-5.1.0.tgz"
  integrity sha512-pTgQJ5KC0d2hcY8eyL1IzlBPYjTkyH72XRZPnLyKus2mBfNjQs3klqbJU2VILqZryAZUt9JOb3h/mWMy23/f5A==
  dependencies:
    lru-cache "^4.0.1"
    shebang-command "^1.2.0"
    which "^1.2.9"

"d3-color@1 - 3":
  version "3.1.0"
  resolved "https://registry.yarnpkg.com/d3-color/-/d3-color-3.1.0.tgz#395b2833dfac71507f12ac2f7af23bf819de24e2"
  integrity sha512-zg/chbXyeBtMQ1LbD/WSoW2DpC3I0mpmPdW+ynRTj/x2DAWYrIY7qeZIHidozwV24m4iavr15lNwIwLxRmOxhA==

"d3-dispatch@1 - 3":
  version "3.0.1"
  resolved "https://registry.yarnpkg.com/d3-dispatch/-/d3-dispatch-3.0.1.tgz#5fc75284e9c2375c36c839411a0cf550cbfc4d5e"
  integrity sha512-rzUyPU/S7rwUflMyLc1ETDeBj0NRuHKKAcvukozwhshr6g6c5d8zh4c2gQjY2bZ0dXeGLWc1PF174P2tVvKhfg==

"d3-drag@2 - 3", d3-drag@^3.0.0:
  version "3.0.0"
  resolved "https://registry.yarnpkg.com/d3-drag/-/d3-drag-3.0.0.tgz#994aae9cd23c719f53b5e10e3a0a6108c69607ba"
  integrity sha512-pWbUJLdETVA8lQNJecMxoXfH6x+mO2UQo8rSmZ+QqxcbyA3hfeprFgIT//HW2nlHChWeIIMwS2Fq+gEARkhTkg==
  dependencies:
    d3-dispatch "1 - 3"
    d3-selection "3"

"d3-ease@1 - 3":
  version "3.0.1"
  resolved "https://registry.yarnpkg.com/d3-ease/-/d3-ease-3.0.1.tgz#9658ac38a2140d59d346160f1f6c30fda0bd12f4"
  integrity sha512-wR/XK3D3XcLIZwpbvQwQ5fK+8Ykds1ip7A2Txe0yxncXSdq1L9skcG7blcedkOX+ZcgxGAmLX1FrRGbADwzi0w==

"d3-interpolate@1 - 3":
  version "3.0.1"
  resolved "https://registry.yarnpkg.com/d3-interpolate/-/d3-interpolate-3.0.1.tgz#3c47aa5b32c5b3dfb56ef3fd4342078a632b400d"
  integrity sha512-3bYs1rOD33uo8aqJfKP3JWPAibgw8Zm2+L9vBKEHJ2Rg+viTR7o5Mmv5mZcieN+FRYaAOWX5SJATX6k1PWz72g==
  dependencies:
    d3-color "1 - 3"

"d3-selection@2 - 3", d3-selection@3, d3-selection@^3.0.0:
  version "3.0.0"
  resolved "https://registry.yarnpkg.com/d3-selection/-/d3-selection-3.0.0.tgz#c25338207efa72cc5b9bd1458a1a41901f1e1b31"
  integrity sha512-fmTRWbNMmsmWq6xJV8D19U/gw/bwrHfNXxrIN+HfZgnzqTHp9jOmKMhsTUjXOJnZOdZY9Q28y4yebKzqDKlxlQ==

"d3-timer@1 - 3":
  version "3.0.1"
  resolved "https://registry.yarnpkg.com/d3-timer/-/d3-timer-3.0.1.tgz#6284d2a2708285b1abb7e201eda4380af35e63b0"
  integrity sha512-ndfJ/JxxMd3nw31uyKoY2naivF+r29V+Lc0svZxe1JvvIRmi8hUsrMvdOwgS1o6uBHmiz91geQ0ylPP0aj1VUA==

"d3-transition@2 - 3":
  version "3.0.1"
  resolved "https://registry.yarnpkg.com/d3-transition/-/d3-transition-3.0.1.tgz#6869fdde1448868077fdd5989200cb61b2a1645f"
  integrity sha512-ApKvfjsSR6tg06xrL434C0WydLr7JewBB3V+/39RMHsaXTOG0zmt/OAXeng5M5LBm0ojmxJrpomQVZ1aPvBL4w==
  dependencies:
    d3-color "1 - 3"
    d3-dispatch "1 - 3"
    d3-ease "1 - 3"
    d3-interpolate "1 - 3"
    d3-timer "1 - 3"

d3-zoom@^3.0.0:
  version "3.0.0"
  resolved "https://registry.yarnpkg.com/d3-zoom/-/d3-zoom-3.0.0.tgz#d13f4165c73217ffeaa54295cd6969b3e7aee8f3"
  integrity sha512-b8AmV3kfQaqWAuacbPuNbL6vahnOJflOhexLzMMNLga62+/nh0JzvJ0aO/5a5MVgUFGS7Hu1P9P03o3fJkDCyw==
  dependencies:
    d3-dispatch "1 - 3"
    d3-drag "2 - 3"
    d3-interpolate "1 - 3"
    d3-selection "2 - 3"
    d3-transition "2 - 3"

inherits@^2.0.3, inherits@~2.0.3:
  version "2.0.4"
  resolved "https://registry.npmjs.org/inherits/-/inherits-2.0.4.tgz"
  integrity sha512-k/vGaX4/Yla3WzyMCvTQOXYeIHvqOKtnqBduzTHpzpQZzAskKMhZ2K+EnBiSM9zGSoIFeMpXKxa4dYeZIQqewQ==

isarray@~1.0.0:
  version "1.0.0"
  resolved "https://registry.npmjs.org/isarray/-/isarray-1.0.0.tgz"
  integrity sha512-VLghIWNM6ELQzo7zwmcg0NmTVyWKYjvIeM83yjp0wRDTmUnrM678fQbcKBo6n2CJEF0szoG//ytg+TKla89ALQ==

isexe@^2.0.0:
  version "2.0.0"
  resolved "https://registry.npmjs.org/isexe/-/isexe-2.0.0.tgz"
  integrity sha512-RHxMLp9lnKHGHRng9QFhRCMbYAcVpn69smSGcq3f36xjgVVWThj4qqLbTLlq7Ssj8B+fIQ1EuCEGI2lKsyQeIw==

lru-cache@^4.0.1:
  version "4.1.5"
  resolved "https://registry.npmjs.org/lru-cache/-/lru-cache-4.1.5.tgz"
  integrity sha512-sWZlbEP2OsHNkXrMl5GYk/jKk70MBng6UU4YI/qGDYbgf6YbP4EvmqISbXCoJiRKs+1bSpFHVgQxvJ17F2li5g==
  dependencies:
    pseudomap "^1.0.2"
    yallist "^2.1.2"

os-shim@^0.1.2:
  version "0.1.3"
  resolved "https://registry.npmjs.org/os-shim/-/os-shim-0.1.3.tgz"
  integrity sha512-jd0cvB8qQ5uVt0lvCIexBaROw1KyKm5sbulg2fWOHjETisuCzWyt+eTZKEMs8v6HwzoGs8xik26jg7eCM6pS+A==

pre-commit@^1.2.2:
  version "1.2.2"
  resolved "https://registry.yarnpkg.com/pre-commit/-/pre-commit-1.2.2.tgz#dbcee0ee9de7235e57f79c56d7ce94641a69eec6"
  integrity sha512-qokTiqxD6GjODy5ETAIgzsRgnBWWQHQH2ghy86PU7mIn/wuWeTwF3otyNQZxWBwVn8XNr8Tdzj/QfUXpH+gRZA==
  dependencies:
    cross-spawn "^5.0.1"
    spawn-sync "^1.0.15"
    which "1.2.x"

process-nextick-args@~2.0.0:
  version "2.0.1"
  resolved "https://registry.npmjs.org/process-nextick-args/-/process-nextick-args-2.0.1.tgz"
  integrity sha512-3ouUOpQhtgrbOa17J7+uxOTpITYWaGP7/AhoR3+A+/1e9skrzelGi/dXzEYyvbxubEF6Wn2ypscTKiKJFFn1ag==

pseudomap@^1.0.2:
  version "1.0.2"
  resolved "https://registry.npmjs.org/pseudomap/-/pseudomap-1.0.2.tgz"
  integrity sha512-b/YwNhb8lk1Zz2+bXXpS/LK9OisiZZ1SNsSLxN1x2OXVEhW2Ckr/7mWE5vrC1ZTiJlD9g19jWszTmJsB+oEpFQ==

reactflow@^11.8.3:
  version "11.8.3"
  resolved "https://registry.yarnpkg.com/reactflow/-/reactflow-11.8.3.tgz#ad5cdf22408298956c92ab652929ff92206af9dc"
  integrity sha512-wuVxJOFqi1vhA4WAEJLK0JWx2TsTiWpxTXTRp/wvpqKInQgQcB49I2QNyNYsKJCQ6jjXektS7H+LXoaVK/pG4A==
  dependencies:
    "@reactflow/background" "11.2.8"
    "@reactflow/controls" "11.1.19"
    "@reactflow/core" "11.8.3"
    "@reactflow/minimap" "11.6.3"
    "@reactflow/node-resizer" "2.1.5"
    "@reactflow/node-toolbar" "1.2.7"

readable-stream@^2.2.2:
  version "2.3.8"
  resolved "https://registry.npmjs.org/readable-stream/-/readable-stream-2.3.8.tgz"
  integrity sha512-8p0AUk4XODgIewSi0l8Epjs+EVnWiK7NoDIEGU0HhE7+ZyY8D1IMY7odu5lRrFXGg71L15KG8QrPmum45RTtdA==
  dependencies:
    core-util-is "~1.0.0"
    inherits "~2.0.3"
    isarray "~1.0.0"
    process-nextick-args "~2.0.0"
    safe-buffer "~5.1.1"
    string_decoder "~1.1.1"
    util-deprecate "~1.0.1"

safe-buffer@~5.1.0, safe-buffer@~5.1.1:
  version "5.1.2"
  resolved "https://registry.npmjs.org/safe-buffer/-/safe-buffer-5.1.2.tgz"
  integrity sha512-Gd2UZBJDkXlY7GbJxfsE8/nvKkUEU1G38c1siN6QP6a9PT9MmHB8GnpscSmMJSoF8LOIrt8ud/wPtojys4G6+g==

shebang-command@^1.2.0:
  version "1.2.0"
  resolved "https://registry.npmjs.org/shebang-command/-/shebang-command-1.2.0.tgz"
  integrity sha512-EV3L1+UQWGor21OmnvojK36mhg+TyIKDh3iFBKBohr5xeXIhNBcx8oWdgkTEEQ+BEFFYdLRuqMfd5L84N1V5Vg==
  dependencies:
    shebang-regex "^1.0.0"

shebang-regex@^1.0.0:
  version "1.0.0"
  resolved "https://registry.npmjs.org/shebang-regex/-/shebang-regex-1.0.0.tgz"
  integrity sha512-wpoSFAxys6b2a2wHZ1XpDSgD7N9iVjg29Ph9uV/uaP9Ex/KXlkTZTeddxDPSYQpgvzKLGJke2UU0AzoGCjNIvQ==

spawn-sync@^1.0.15:
  version "1.0.15"
  resolved "https://registry.npmjs.org/spawn-sync/-/spawn-sync-1.0.15.tgz"
  integrity sha512-9DWBgrgYZzNghseho0JOuh+5fg9u6QWhAWa51QC7+U5rCheZ/j1DrEZnyE0RBBRqZ9uEXGPgSSM0nky6burpVw==
  dependencies:
    concat-stream "^1.4.7"
    os-shim "^0.1.2"

string_decoder@~1.1.1:
  version "1.1.1"
  resolved "https://registry.npmjs.org/string_decoder/-/string_decoder-1.1.1.tgz"
  integrity sha512-n/ShnvDi6FHbbVfviro+WojiFzv+s8MPMHBczVePfUpDJLwoLT0ht1l4YwBCbi8pJAveEEdnkHyPyTP/mzRfwg==
  dependencies:
    safe-buffer "~5.1.0"

typedarray@^0.0.6:
  version "0.0.6"
  resolved "https://registry.npmjs.org/typedarray/-/typedarray-0.0.6.tgz"
  integrity sha512-/aCDEGatGvZ2BIk+HmLf4ifCJFwvKFNb9/JeZPMulfgFracn9QFcAf5GO8B/mweUjSoblS5In0cWhqpfs/5PQA==

use-sync-external-store@1.2.0:
  version "1.2.0"
  resolved "https://registry.yarnpkg.com/use-sync-external-store/-/use-sync-external-store-1.2.0.tgz#7dbefd6ef3fe4e767a0cf5d7287aacfb5846928a"
  integrity sha512-eEgnFxGQ1Ife9bzYs6VLi8/4X6CObHMw9Qr9tPY43iKwsPw8xE8+EFsf/2cFZ5S3esXgpWgtSCtLNS41F+sKPA==

util-deprecate@~1.0.1:
  version "1.0.2"
  resolved "https://registry.npmjs.org/util-deprecate/-/util-deprecate-1.0.2.tgz"
  integrity sha512-EPD5q1uXyFxJpCrLnCc1nHnq3gOa6DZBocAIiI2TaSCA7VCJ1UJDMagCzIkXNsUYfD1daK//LTEQ8xiIbrHtcw==

which@1.2.x, which@^1.2.9:
  version "1.2.14"
  resolved "https://registry.npmjs.org/which/-/which-1.2.14.tgz"
  integrity sha512-16uPglFkRPzgiUXYMi1Jf8Z5EzN1iB4V0ZtMXcHZnwsBtQhhHeCqoWw7tsUY42hJGNDWtUsVLTjakIa5BgAxCw==
  dependencies:
    isexe "^2.0.0"

yallist@^2.1.2:
  version "2.1.2"
  resolved "https://registry.npmjs.org/yallist/-/yallist-2.1.2.tgz"
  integrity sha512-ncTzHV7NvsQZkYe1DW7cbDLm0YpzHmZF5r/iyP3ZnQtMiJ+pjzisCiMNI+Sj+xQF5pXhSHxSB3uDbsBTzY/c2A==

zustand@^4.4.1:
  version "4.4.1"
  resolved "https://registry.yarnpkg.com/zustand/-/zustand-4.4.1.tgz#0cd3a3e4756f21811bd956418fdc686877e8b3b0"
  integrity sha512-QCPfstAS4EBiTQzlaGP1gmorkh/UL1Leaj2tdj+zZCZ/9bm0WS7sI2wnfD5lpOszFqWJ1DcPnGoY8RDL61uokw==
  dependencies:
    use-sync-external-store "1.2.0"
